{
  "name": "<your-project>.types-depot",
  "version": "0.0.101",
  "lockfileVersion": 1,
  "requires": true,
  "dependencies": {
    "type-creator": {
      "version": "file:../type-creator",
      "requires": {
        "async": "^2.6.1"
      },
      "dependencies": {
        "@types/async": {
          "version": "2.0.50",
          "bundled": true
        },
        "@types/core-js": {
          "version": "0.9.46",
          "bundled": true
        },
        "@types/node": {
          "version": "9.6.39",
          "bundled": true
        },
        "async": {
          "version": "2.6.1",
          "bundled": true,
          "requires": {
            "lodash": "^4.17.10"
          }
        },
        "lodash": {
          "version": "4.17.11",
          "bundled": true
        }
      }
    }
  }
}
