{
  "name": "<your-project>.types-depot",
  "version": "0.0.101",
  "lockfileVersion": 1,
  "requires": true,
  "dependencies": {
    "type-creator": {
      "version": "0.0.1001",
      "resolved": "https://registry.npmjs.org/type-creator/-/type-creator-0.0.1001.tgz",
      "integrity": "sha512-kdHOJd7DXYsiY7jSpq8V5gb3nSqfHyB62WCUkED54VxqxowOpTxbuQNIlx0zZct9rFjYPiLuLPTiH9GbH3WnHQ=="
    }
  }
}
